
Microsoft Visual Studio Solution File, Format Version 12.00
# Visual Studio Version 17
VisualStudioVersion = 17.6.33801.468
MinimumVisualStudioVersion = 10.0.40219.1
Project("{9A19103F-16F7-4668-BE54-9A1E7A4F7556}") = "smartfolio2", "smartfolio2\smartfolio2.csproj", "{E784CA85-73B8-43C4-87A0-CF39FD2807BE}"
EndProject
Project("{54A90642-561A-4BB1-A94E-469ADEE60C69}") = "webclient", "webclient\webclient.esproj", "{A27B7330-0AF6-4F0A-930C-038E15117017}"
EndProject
Global
	GlobalSection(SolutionConfigurationPlatforms) = preSolution
		Debug|Any CPU = Debug|Any CPU
		Release|Any CPU = Release|Any CPU
	EndGlobalSection
	GlobalSection(ProjectConfigurationPlatforms) = postSolution
		{E784CA85-73B8-43C4-87A0-CF39FD2807BE}.Debug|Any CPU.ActiveCfg = Debug|Any CPU
		{E784CA85-73B8-43C4-87A0-CF39FD2807BE}.Debug|Any CPU.Build.0 = Debug|Any CPU
		{E784CA85-73B8-43C4-87A0-CF39FD2807BE}.Release|Any CPU.ActiveCfg = Release|Any CPU
		{E784CA85-73B8-43C4-87A0-CF39FD2807BE}.Release|Any CPU.Build.0 = Release|Any CPU
		{A27B7330-0AF6-4F0A-930C-038E15117017}.Debug|Any CPU.ActiveCfg = Debug|Any CPU
		{A27B7330-0AF6-4F0A-930C-038E15117017}.Debug|Any CPU.Build.0 = Debug|Any CPU
		{A27B7330-0AF6-4F0A-930C-038E15117017}.Debug|Any CPU.Deploy.0 = Debug|Any CPU
		{A27B7330-0AF6-4F0A-930C-038E15117017}.Release|Any CPU.ActiveCfg = Release|Any CPU
		{A27B7330-0AF6-4F0A-930C-038E15117017}.Release|Any CPU.Build.0 = Release|Any CPU
		{A27B7330-0AF6-4F0A-930C-038E15117017}.Release|Any CPU.Deploy.0 = Release|Any CPU
	EndGlobalSection
	GlobalSection(SolutionProperties) = preSolution
		HideSolutionNode = FALSE
	EndGlobalSection
	GlobalSection(ExtensibilityGlobals) = postSolution
		SolutionGuid = {C819B70A-0FAD-48EE-9F89-BF04A02EC4E3}
	EndGlobalSection
EndGlobal
